
Microsoft Visual Studio Solution File, Format Version 12.00
# Visual Studio 15
VisualStudioVersion = 15.0.26430.15
MinimumVisualStudioVersion = 10.0.40219.1
Project("{8BC9CEB8-8B4A-11D0-8D11-00A0C91BC942}") = "BrightFix", "BrightFix\BrightFix.vcxproj", "{E72B7379-DC9F-4CD5-8A12-7F9ECD582911}"
EndProject
Global
	GlobalSection(SolutionConfigurationPlatforms) = preSolution
		Debug|x64 = Debug|x64
		Debug|x86 = Debug|x86
		PaletteFix|x64 = PaletteFix|x64
		PaletteFix|x86 = PaletteFix|x86
		Release|x64 = Release|x64
		Release|x86 = Release|x86
	EndGlobalSection
	GlobalSection(ProjectConfigurationPlatforms) = postSolution
		{E72B7379-DC9F-4CD5-8A12-7F9ECD582911}.Debug|x64.ActiveCfg = Debug|x64
		{E72B7379-DC9F-4CD5-8A12-7F9ECD582911}.Debug|x64.Build.0 = Debug|x64
		{E72B7379-DC9F-4CD5-8A12-7F9ECD582911}.Debug|x86.ActiveCfg = Debug|Win32
		{E72B7379-DC9F-4CD5-8A12-7F9ECD582911}.Debug|x86.Build.0 = Debug|Win32
		{E72B7379-DC9F-4CD5-8A12-7F9ECD582911}.PaletteFix|x64.ActiveCfg = PaletteFix|x64
		{E72B7379-DC9F-4CD5-8A12-7F9ECD582911}.PaletteFix|x64.Build.0 = PaletteFix|x64
		{E72B7379-DC9F-4CD5-8A12-7F9ECD582911}.PaletteFix|x86.ActiveCfg = Release|Win32
		{E72B7379-DC9F-4CD5-8A12-7F9ECD582911}.PaletteFix|x86.Build.0 = Release|Win32
		{E72B7379-DC9F-4CD5-8A12-7F9ECD582911}.Release|x64.ActiveCfg = Release|x64
		{E72B7379-DC9F-4CD5-8A12-7F9ECD582911}.Release|x64.Build.0 = Release|x64
		{E72B7379-DC9F-4CD5-8A12-7F9ECD582911}.Release|x86.ActiveCfg = Release|Win32
		{E72B7379-DC9F-4CD5-8A12-7F9ECD582911}.Release|x86.Build.0 = Release|Win32
	EndGlobalSection
	GlobalSection(SolutionProperties) = preSolution
		HideSolutionNode = FALSE
	EndGlobalSection
	GlobalSection(ExtensibilityGlobals) = postSolution
		SolutionGuid = {5FE59DDF-7995-44BF-9427-6DCFBBB058C2}
	EndGlobalSection
EndGlobal
